
Microsoft Visual Studio Solution File, Format Version 12.00
# Visual Studio Version 16
VisualStudioVersion = 16.0.31129.286
MinimumVisualStudioVersion = 10.0.40219.1
Project("{9A19103F-16F7-4668-BE54-9A1E7A4F7556}") = "MetricsManager", "MetricsManager.csproj", "{BAE45BE9-D560-4B5C-AECF-E22467FFC989}"
EndProject
Project("{FAE04EC0-301F-11D3-BF4B-00C04F79EFBC}") = "MetricsAgent", "..\MetricsAgent\MetricsAgent.csproj", "{F094E0DF-8D4F-43B0-8A3F-49CA856FDB33}"
EndProject
Project("{FAE04EC0-301F-11D3-BF4B-00C04F79EFBC}") = "AgentsMetricsTests", "..\AgentsMetricsTests\AgentsMetricsTests.csproj", "{2C3C7EC5-617D-4234-AED2-2F6F58BC0DCE}"
	ProjectSection(ProjectDependencies) = postProject
		{F094E0DF-8D4F-43B0-8A3F-49CA856FDB33} = {F094E0DF-8D4F-43B0-8A3F-49CA856FDB33}
	EndProjectSection
EndProject
Project("{2150E333-8FDC-42A3-9474-1A3956D46DE8}") = "Solution Items", "Solution Items", "{96DC0BF2-14E4-4E09-8692-9AEFFD156C07}"
EndProject
Project("{FAE04EC0-301F-11D3-BF4B-00C04F79EFBC}") = "MetricsManagerTests", "..\MetricsManagerTests\MetricsManagerTests.csproj", "{5D977C6B-B8AF-45AE-B01D-DE07FA70A7B3}"
	ProjectSection(ProjectDependencies) = postProject
		{BAE45BE9-D560-4B5C-AECF-E22467FFC989} = {BAE45BE9-D560-4B5C-AECF-E22467FFC989}
	EndProjectSection
EndProject
Global
	GlobalSection(SolutionConfigurationPlatforms) = preSolution
		Debug|Any CPU = Debug|Any CPU
		Release|Any CPU = Release|Any CPU
	EndGlobalSection
	GlobalSection(ProjectConfigurationPlatforms) = postSolution
		{BAE45BE9-D560-4B5C-AECF-E22467FFC989}.Debug|Any CPU.ActiveCfg = Debug|Any CPU
		{BAE45BE9-D560-4B5C-AECF-E22467FFC989}.Debug|Any CPU.Build.0 = Debug|Any CPU
		{BAE45BE9-D560-4B5C-AECF-E22467FFC989}.Release|Any CPU.ActiveCfg = Release|Any CPU
		{BAE45BE9-D560-4B5C-AECF-E22467FFC989}.Release|Any CPU.Build.0 = Release|Any CPU
		{F094E0DF-8D4F-43B0-8A3F-49CA856FDB33}.Debug|Any CPU.ActiveCfg = Debug|Any CPU
		{F094E0DF-8D4F-43B0-8A3F-49CA856FDB33}.Debug|Any CPU.Build.0 = Debug|Any CPU
		{F094E0DF-8D4F-43B0-8A3F-49CA856FDB33}.Release|Any CPU.ActiveCfg = Release|Any CPU
		{F094E0DF-8D4F-43B0-8A3F-49CA856FDB33}.Release|Any CPU.Build.0 = Release|Any CPU
		{2C3C7EC5-617D-4234-AED2-2F6F58BC0DCE}.Debug|Any CPU.ActiveCfg = Debug|Any CPU
		{2C3C7EC5-617D-4234-AED2-2F6F58BC0DCE}.Debug|Any CPU.Build.0 = Debug|Any CPU
		{2C3C7EC5-617D-4234-AED2-2F6F58BC0DCE}.Release|Any CPU.ActiveCfg = Release|Any CPU
		{2C3C7EC5-617D-4234-AED2-2F6F58BC0DCE}.Release|Any CPU.Build.0 = Release|Any CPU
		{5D977C6B-B8AF-45AE-B01D-DE07FA70A7B3}.Debug|Any CPU.ActiveCfg = Debug|Any CPU
		{5D977C6B-B8AF-45AE-B01D-DE07FA70A7B3}.Debug|Any CPU.Build.0 = Debug|Any CPU
		{5D977C6B-B8AF-45AE-B01D-DE07FA70A7B3}.Release|Any CPU.ActiveCfg = Release|Any CPU
		{5D977C6B-B8AF-45AE-B01D-DE07FA70A7B3}.Release|Any CPU.Build.0 = Release|Any CPU
	EndGlobalSection
	GlobalSection(SolutionProperties) = preSolution
		HideSolutionNode = FALSE
	EndGlobalSection
	GlobalSection(ExtensibilityGlobals) = postSolution
		SolutionGuid = {9012BB0D-64D8-4F4A-BBE0-75C3762CB9D5}
	EndGlobalSection
EndGlobal
